# generated by rye
# use `rye lock` or `rye sync` to update this lockfile
#
# last locked with the following flags:
#   pre: false
#   features: []
#   all-features: false
#   with-sources: false
#   generate-hashes: false
#   universal: false

-e file:.
anytree==2.13.0
    # via build123d
asttokens==3.0.0
    # via stack-data
blinker==1.9.0
    # via flask
build123d @ git+https://github.com/gumyr/build123d@108c1be3f2779236f6e691b9a866673b3b2c9b3a
    # via 3d-sketches
cachetools==5.5.2
    # via ocp-tessellate
cadquery-ocp==7.8.1.1.post1
    # via build123d
    # via ocpsvg
certifi==2025.4.26
    # via requests
charset-normalizer==3.4.2
    # via requests
click==8.1.8
    # via flask
    # via ocp-vscode
comm==0.2.2
    # via ipykernel
contourpy==1.3.2
    # via matplotlib
cycler==0.12.1
    # via matplotlib
debugpy==1.8.14
    # via ipykernel
decorator==5.2.1
    # via ipython
executing==2.2.0
    # via stack-data
ezdxf==1.4.1
    # via build123d
flask==3.1.0
    # via flask-sock
    # via ocp-vscode
flask-sock==0.7.0
    # via ocp-vscode
fonttools==4.57.0
    # via ezdxf
    # via matplotlib
h11==0.16.0
    # via wsproto
idna==3.10
    # via requests
imagesize==1.4.1
    # via ocp-tessellate
ipykernel==6.29.5
    # via ocp-vscode
ipython==9.2.0
    # via build123d
    # via ipykernel
ipython-pygments-lexers==1.1.1
    # via ipython
itsdangerous==2.2.0
    # via flask
jedi==0.19.2
    # via ipython
jinja2==3.1.6
    # via flask
jupyter-client==8.6.3
    # via ipykernel
jupyter-core==5.7.2
    # via ipykernel
    # via jupyter-client
kiwisolver==1.4.8
    # via matplotlib
lib3mf==2.4.1
    # via build123d
markupsafe==3.0.2
    # via jinja2
    # via werkzeug
matplotlib==3.10.1
    # via vtk
matplotlib-inline==0.1.7
    # via ipykernel
    # via ipython
mpmath==1.3.0
    # via sympy
nest-asyncio==1.6.0
    # via ipykernel
numpy==2.2.5
    # via build123d
    # via contourpy
    # via ezdxf
    # via matplotlib
    # via ocp-tessellate
    # via scipy
    # via svgpathtools
ocp-tessellate==3.0.15
    # via ocp-vscode
ocp-vscode==2.8.5
ocpsvg==0.5.0
    # via build123d
orjson==3.10.18
    # via ocp-vscode
packaging==25.0
    # via ipykernel
    # via matplotlib
parso==0.8.4
    # via jedi
pexpect==4.9.0
    # via ipython
pillow==11.2.1
    # via matplotlib
pip==25.1.1
    # via ocp-vscode
platformdirs==4.3.8
    # via jupyter-core
prompt-toolkit==3.0.51
    # via ipython
    # via questionary
psutil==7.0.0
    # via ipykernel
ptyprocess==0.7.0
    # via pexpect
pure-eval==0.2.3
    # via stack-data
pyaml==25.1.0
    # via ocp-vscode
pygments==2.19.1
    # via ipython
    # via ipython-pygments-lexers
pyparsing==3.2.3
    # via ezdxf
    # via matplotlib
pyperclip==1.9.0
    # via ocp-vscode
python-dateutil==2.9.0.post0
    # via jupyter-client
    # via matplotlib
pyyaml==6.0.2
    # via pyaml
pyzmq==26.4.0
    # via ipykernel
    # via jupyter-client
questionary==2.1.0
    # via ocp-vscode
requests==2.32.3
    # via ocp-vscode
scipy==1.15.2
    # via build123d
    # via svgpathtools
simple-websocket==1.1.0
    # via flask-sock
six==1.17.0
    # via python-dateutil
stack-data==0.6.3
    # via ipython
svgelements==1.9.6
    # via ocpsvg
svgpathtools==1.7.0
    # via 3d-sketches
    # via build123d
svgwrite==1.4.3
    # via svgpathtools
sympy==1.14.0
    # via build123d
tornado==6.4.2
    # via ipykernel
    # via jupyter-client
traitlets==5.14.3
    # via comm
    # via ipykernel
    # via ipython
    # via jupyter-client
    # via jupyter-core
    # via matplotlib-inline
trianglesolver==1.2
    # via build123d
typing-extensions==4.13.2
    # via build123d
    # via ezdxf
urllib3==2.4.0
    # via requests
vtk==9.3.1
    # via cadquery-ocp
wcwidth==0.2.13
    # via prompt-toolkit
webcolors==24.8.0
    # via ocp-tessellate
websockets==13.1
    # via ocp-vscode
werkzeug==3.1.3
    # via flask
wsproto==1.2.0
    # via simple-websocket
